
Microsoft Visual Studio Solution File, Format Version 12.00
# Visual Studio Version 16
VisualStudioVersion = 16.0.29424.173
MinimumVisualStudioVersion = 10.0.40219.1
Project("{FAE04EC0-301F-11D3-BF4B-00C04F79EFBC}") = "Minesweeper", "Minesweeper\Minesweeper.csproj", "{0AD644A3-F9B6-433E-B65F-D1D491ADF3B0}"
EndProject
Project("{FAE04EC0-301F-11D3-BF4B-00C04F79EFBC}") = "MinesweeperModel", "MinesweeperModel\MinesweeperModel.csproj", "{7C56C7EB-05E1-4E60-B67B-8B9B8A21E0C1}"
EndProject
Global
	GlobalSection(SolutionConfigurationPlatforms) = preSolution
		Debug|Any CPU = Debug|Any CPU
		Release|Any CPU = Release|Any CPU
	EndGlobalSection
	GlobalSection(ProjectConfigurationPlatforms) = postSolution
		{0AD644A3-F9B6-433E-B65F-D1D491ADF3B0}.Debug|Any CPU.ActiveCfg = Debug|Any CPU
		{0AD644A3-F9B6-433E-B65F-D1D491ADF3B0}.Debug|Any CPU.Build.0 = Debug|Any CPU
		{0AD644A3-F9B6-433E-B65F-D1D491ADF3B0}.Release|Any CPU.ActiveCfg = Release|Any CPU
		{0AD644A3-F9B6-433E-B65F-D1D491ADF3B0}.Release|Any CPU.Build.0 = Release|Any CPU
		{7C56C7EB-05E1-4E60-B67B-8B9B8A21E0C1}.Debug|Any CPU.ActiveCfg = Debug|Any CPU
		{7C56C7EB-05E1-4E60-B67B-8B9B8A21E0C1}.Debug|Any CPU.Build.0 = Debug|Any CPU
		{7C56C7EB-05E1-4E60-B67B-8B9B8A21E0C1}.Release|Any CPU.ActiveCfg = Release|Any CPU
		{7C56C7EB-05E1-4E60-B67B-8B9B8A21E0C1}.Release|Any CPU.Build.0 = Release|Any CPU
	EndGlobalSection
	GlobalSection(SolutionProperties) = preSolution
		HideSolutionNode = FALSE
	EndGlobalSection
	GlobalSection(ExtensibilityGlobals) = postSolution
		SolutionGuid = {CBC43DB6-FC4B-4144-8ADA-3519536F9178}
	EndGlobalSection
EndGlobal
